// !$*UTF8*$!
{
	archiveVersion = 1;
	classes = {
	};
	objectVersion = 55;
	objects = {

/* Begin PBXBuildFile section */
		6A5EC9AE2945738F00A54A3C /* Localizable.strings in Resources */ = {isa = PBXBuildFile; fileRef = 6A5EC9B02945738F00A54A3C /* Localizable.strings */; };
		6A6ACA4D294120C700062D17 /* AppDelegate.swift in Sources */ = {isa = PBXBuildFile; fileRef = 6A6ACA4C294120C700062D17 /* AppDelegate.swift */; };
		6A6ACA4F294120C700062D17 /* SceneDelegate.swift in Sources */ = {isa = PBXBuildFile; fileRef = 6A6ACA4E294120C700062D17 /* SceneDelegate.swift */; };
		6A6ACA51294120C700062D17 /* LTKLaunchViewController.swift in Sources */ = {isa = PBXBuildFile; fileRef = 6A6ACA50294120C700062D17 /* LTKLaunchViewController.swift */; };
		6A6ACA54294120C700062D17 /* Main.storyboard in Resources */ = {isa = PBXBuildFile; fileRef = 6A6ACA52294120C700062D17 /* Main.storyboard */; };
		6A6ACA56294120C800062D17 /* Assets.xcassets in Resources */ = {isa = PBXBuildFile; fileRef = 6A6ACA55294120C800062D17 /* Assets.xcassets */; };
		6A6ACA59294120C800062D17 /* LaunchScreen.storyboard in Resources */ = {isa = PBXBuildFile; fileRef = 6A6ACA57294120C800062D17 /* LaunchScreen.storyboard */; };
		6A6ACA642941244700062D17 /* LTKFeedResponse.swift in Sources */ = {isa = PBXBuildFile; fileRef = 6A6ACA632941244700062D17 /* LTKFeedResponse.swift */; };
		6A6ACA67294127FE00062D17 /* LTKConstants.swift in Sources */ = {isa = PBXBuildFile; fileRef = 6A6ACA66294127FE00062D17 /* LTKConstants.swift */; };
		6A6ACA6929412A6800062D17 /* LTKNetworkUtilities.swift in Sources */ = {isa = PBXBuildFile; fileRef = 6A6ACA6829412A6800062D17 /* LTKNetworkUtilities.swift */; };
		6A6ACA6B29413BAB00062D17 /* LTKKit.swift in Sources */ = {isa = PBXBuildFile; fileRef = 6A6ACA6A29413BAB00062D17 /* LTKKit.swift */; };
		6A6ACA6D29413BC600062D17 /* LTKBaseViewController.swift in Sources */ = {isa = PBXBuildFile; fileRef = 6A6ACA6C29413BC600062D17 /* LTKBaseViewController.swift */; };
		6A6ACA72294155A600062D17 /* LTKHomeFeedCell.swift in Sources */ = {isa = PBXBuildFile; fileRef = 6A6ACA71294155A600062D17 /* LTKHomeFeedCell.swift */; };
		6A6ACA762941821B00062D17 /* LTKDetailViewController.swift in Sources */ = {isa = PBXBuildFile; fileRef = 6A6ACA752941821B00062D17 /* LTKDetailViewController.swift */; };
		6A6ACA782941F04F00062D17 /* LTKWebView.swift in Sources */ = {isa = PBXBuildFile; fileRef = 6A6ACA772941F04F00062D17 /* LTKWebView.swift */; };
		6A6ACA7D294317A400062D17 /* LTKCVItem.swift in Sources */ = {isa = PBXBuildFile; fileRef = 6A6ACA7C294317A400062D17 /* LTKCVItem.swift */; };
		6A6ACA7F29438D7C00062D17 /* LTKBlankViewController.swift in Sources */ = {isa = PBXBuildFile; fileRef = 6A6ACA7E29438D7C00062D17 /* LTKBlankViewController.swift */; };
		6A6ACA832944AA5F00062D17 /* LTKConstraintHelper.swift in Sources */ = {isa = PBXBuildFile; fileRef = 6A6ACA822944AA5F00062D17 /* LTKConstraintHelper.swift */; };
		6A6ACA852944B54A00062D17 /* LTKUIUtilities.swift in Sources */ = {isa = PBXBuildFile; fileRef = 6A6ACA842944B54A00062D17 /* LTKUIUtilities.swift */; };
		6A6ACA8A2944D60900062D17 /* LTKMenuViewController.swift in Sources */ = {isa = PBXBuildFile; fileRef = 6A6ACA892944D60900062D17 /* LTKMenuViewController.swift */; };
		6A7496E92946E95300B237C1 /* LTKFeedRequest.swift in Sources */ = {isa = PBXBuildFile; fileRef = 6A7496E82946E95300B237C1 /* LTKFeedRequest.swift */; };
/* End PBXBuildFile section */

/* Begin PBXFileReference section */
		6A1BFB72294574DE00317F49 /* fr */ = {isa = PBXFileReference; lastKnownFileType = text.plist.strings; name = fr; path = fr.lproj/Localizable.strings; sourceTree = "<group>"; };
		6A1BFB73294574E800317F49 /* fr-CA */ = {isa = PBXFileReference; lastKnownFileType = text.plist.strings; name = "fr-CA"; path = "fr-CA.lproj/Localizable.strings"; sourceTree = "<group>"; };
		6A1BFB74294574F200317F49 /* de */ = {isa = PBXFileReference; lastKnownFileType = text.plist.strings; name = de; path = de.lproj/Localizable.strings; sourceTree = "<group>"; };
		6A5EC9AF2945738F00A54A3C /* en */ = {isa = PBXFileReference; lastKnownFileType = text.plist.strings; name = en; path = en.lproj/Localizable.strings; sourceTree = "<group>"; };
		6A6ACA49294120C700062D17 /* LTKMediaFeedAssessment.app */ = {isa = PBXFileReference; explicitFileType = wrapper.application; includeInIndex = 0; path = LTKMediaFeedAssessment.app; sourceTree = BUILT_PRODUCTS_DIR; };
		6A6ACA4C294120C700062D17 /* AppDelegate.swift */ = {isa = PBXFileReference; lastKnownFileType = sourcecode.swift; path = AppDelegate.swift; sourceTree = "<group>"; };
		6A6ACA4E294120C700062D17 /* SceneDelegate.swift */ = {isa = PBXFileReference; lastKnownFileType = sourcecode.swift; path = SceneDelegate.swift; sourceTree = "<group>"; };
		6A6ACA50294120C700062D17 /* LTKLaunchViewController.swift */ = {isa = PBXFileReference; lastKnownFileType = sourcecode.swift; path = LTKLaunchViewController.swift; sourceTree = "<group>"; };
		6A6ACA53294120C700062D17 /* Base */ = {isa = PBXFileReference; lastKnownFileType = file.storyboard; name = Base; path = Base.lproj/Main.storyboard; sourceTree = "<group>"; };
		6A6ACA55294120C800062D17 /* Assets.xcassets */ = {isa = PBXFileReference; lastKnownFileType = folder.assetcatalog; path = Assets.xcassets; sourceTree = "<group>"; };
		6A6ACA58294120C800062D17 /* Base */ = {isa = PBXFileReference; lastKnownFileType = file.storyboard; name = Base; path = Base.lproj/LaunchScreen.storyboard; sourceTree = "<group>"; };
		6A6ACA5A294120C800062D17 /* Info.plist */ = {isa = PBXFileReference; lastKnownFileType = text.plist.xml; path = Info.plist; sourceTree = "<group>"; };
		6A6ACA632941244700062D17 /* LTKFeedResponse.swift */ = {isa = PBXFileReference; lastKnownFileType = sourcecode.swift; path = LTKFeedResponse.swift; sourceTree = "<group>"; };
		6A6ACA66294127FE00062D17 /* LTKConstants.swift */ = {isa = PBXFileReference; lastKnownFileType = sourcecode.swift; path = LTKConstants.swift; sourceTree = "<group>"; };
		6A6ACA6829412A6800062D17 /* LTKNetworkUtilities.swift */ = {isa = PBXFileReference; lastKnownFileType = sourcecode.swift; path = LTKNetworkUtilities.swift; sourceTree = "<group>"; };
		6A6ACA6A29413BAB00062D17 /* LTKKit.swift */ = {isa = PBXFileReference; lastKnownFileType = sourcecode.swift; path = LTKKit.swift; sourceTree = "<group>"; };
		6A6ACA6C29413BC600062D17 /* LTKBaseViewController.swift */ = {isa = PBXFileReference; lastKnownFileType = sourcecode.swift; path = LTKBaseViewController.swift; sourceTree = "<group>"; };
		6A6ACA71294155A600062D17 /* LTKHomeFeedCell.swift */ = {isa = PBXFileReference; lastKnownFileType = sourcecode.swift; path = LTKHomeFeedCell.swift; sourceTree = "<group>"; };
		6A6ACA752941821B00062D17 /* LTKDetailViewController.swift */ = {isa = PBXFileReference; lastKnownFileType = sourcecode.swift; path = LTKDetailViewController.swift; sourceTree = "<group>"; };
		6A6ACA772941F04F00062D17 /* LTKWebView.swift */ = {isa = PBXFileReference; lastKnownFileType = sourcecode.swift; path = LTKWebView.swift; sourceTree = "<group>"; };
		6A6ACA7C294317A400062D17 /* LTKCVItem.swift */ = {isa = PBXFileReference; lastKnownFileType = sourcecode.swift; path = LTKCVItem.swift; sourceTree = "<group>"; };
		6A6ACA7E29438D7C00062D17 /* LTKBlankViewController.swift */ = {isa = PBXFileReference; lastKnownFileType = sourcecode.swift; path = LTKBlankViewController.swift; sourceTree = "<group>"; };
		6A6ACA822944AA5F00062D17 /* LTKConstraintHelper.swift */ = {isa = PBXFileReference; lastKnownFileType = sourcecode.swift; path = LTKConstraintHelper.swift; sourceTree = "<group>"; };
		6A6ACA842944B54A00062D17 /* LTKUIUtilities.swift */ = {isa = PBXFileReference; lastKnownFileType = sourcecode.swift; path = LTKUIUtilities.swift; sourceTree = "<group>"; };
		6A6ACA892944D60900062D17 /* LTKMenuViewController.swift */ = {isa = PBXFileReference; lastKnownFileType = sourcecode.swift; path = LTKMenuViewController.swift; sourceTree = "<group>"; };
		6A7496E82946E95300B237C1 /* LTKFeedRequest.swift */ = {isa = PBXFileReference; lastKnownFileType = sourcecode.swift; path = LTKFeedRequest.swift; sourceTree = "<group>"; };
/* End PBXFileReference section */

/* Begin PBXFrameworksBuildPhase section */
		6A6ACA46294120C700062D17 /* Frameworks */ = {
			isa = PBXFrameworksBuildPhase;
			buildActionMask = 2147483647;
			files = (
			);
			runOnlyForDeploymentPostprocessing = 0;
		};
/* End PBXFrameworksBuildPhase section */

/* Begin PBXGroup section */
		6A6ACA40294120C700062D17 = {
			isa = PBXGroup;
			children = (
				6A6ACA4B294120C700062D17 /* LTKMediaFeedAssessment */,
				6A6ACA4A294120C700062D17 /* Products */,
			);
			sourceTree = "<group>";
		};
		6A6ACA4A294120C700062D17 /* Products */ = {
			isa = PBXGroup;
			children = (
				6A6ACA49294120C700062D17 /* LTKMediaFeedAssessment.app */,
			);
			name = Products;
			sourceTree = "<group>";
		};
		6A6ACA4B294120C700062D17 /* LTKMediaFeedAssessment */ = {
			isa = PBXGroup;
			children = (
				6A6ACA602941228300062D17 /* Supporting Files */,
				6A6ACA702941559900062D17 /* Views */,
				6A6ACA622941242A00062D17 /* Models */,
				6A6ACA61294123D900062D17 /* ViewControllers */,
			);
			path = LTKMediaFeedAssessment;
			sourceTree = "<group>";
		};
		6A6ACA602941228300062D17 /* Supporting Files */ = {
			isa = PBXGroup;
			children = (
				6A6ACA79294250A100062D17 /* UIKitSubclasses+Ext */,
				6A6ACA862944BDBE00062D17 /* Constants */,
				6A6ACA812944A8F700062D17 /* BoilerPlate Files */,
				6A6ACA802944A8E800062D17 /* Utilities */,
				6A5EC9B02945738F00A54A3C /* Localizable.strings */,
			);
			path = "Supporting Files";
			sourceTree = "<group>";
		};
		6A6ACA61294123D900062D17 /* ViewControllers */ = {
			isa = PBXGroup;
			children = (
				6A6ACA872944D5CD00062D17 /* TabBarViewControllers */,
				6A6ACA6C29413BC600062D17 /* LTKBaseViewController.swift */,
			);
			path = ViewControllers;
			sourceTree = "<group>";
		};
		6A6ACA622941242A00062D17 /* Models */ = {
			isa = PBXGroup;
			children = (
				6A7496E72946E92900B237C1 /* Requests */,
				6A7496E62946E92500B237C1 /* Responses */,
			);
			path = Models;
			sourceTree = "<group>";
		};
		6A6ACA702941559900062D17 /* Views */ = {
			isa = PBXGroup;
			children = (
				6A6ACA7A294250C300062D17 /* Cells */,
			);
			path = Views;
			sourceTree = "<group>";
		};
		6A6ACA79294250A100062D17 /* UIKitSubclasses+Ext */ = {
			isa = PBXGroup;
			children = (
				6A6ACA6A29413BAB00062D17 /* LTKKit.swift */,
			);
			path = "UIKitSubclasses+Ext";
			sourceTree = "<group>";
		};
		6A6ACA7A294250C300062D17 /* Cells */ = {
			isa = PBXGroup;
			children = (
				6A6ACA71294155A600062D17 /* LTKHomeFeedCell.swift */,
				6A6ACA7C294317A400062D17 /* LTKCVItem.swift */,
			);
			path = Cells;
			sourceTree = "<group>";
		};
		6A6ACA7B2943031100062D17 /* LTKHomePageFlow */ = {
			isa = PBXGroup;
			children = (
				6A6ACA50294120C700062D17 /* LTKLaunchViewController.swift */,
				6A6ACA752941821B00062D17 /* LTKDetailViewController.swift */,
				6A6ACA772941F04F00062D17 /* LTKWebView.swift */,
			);
			path = LTKHomePageFlow;
			sourceTree = "<group>";
		};
		6A6ACA802944A8E800062D17 /* Utilities */ = {
			isa = PBXGroup;
			children = (
				6A6ACA6829412A6800062D17 /* LTKNetworkUtilities.swift */,
				6A6ACA822944AA5F00062D17 /* LTKConstraintHelper.swift */,
				6A6ACA842944B54A00062D17 /* LTKUIUtilities.swift */,
			);
			path = Utilities;
			sourceTree = "<group>";
		};
		6A6ACA812944A8F700062D17 /* BoilerPlate Files */ = {
			isa = PBXGroup;
			children = (
				6A6ACA5A294120C800062D17 /* Info.plist */,
				6A6ACA52294120C700062D17 /* Main.storyboard */,
				6A6ACA55294120C800062D17 /* Assets.xcassets */,
				6A6ACA57294120C800062D17 /* LaunchScreen.storyboard */,
				6A6ACA4C294120C700062D17 /* AppDelegate.swift */,
				6A6ACA4E294120C700062D17 /* SceneDelegate.swift */,
			);
			path = "BoilerPlate Files";
			sourceTree = "<group>";
		};
		6A6ACA862944BDBE00062D17 /* Constants */ = {
			isa = PBXGroup;
			children = (
				6A6ACA66294127FE00062D17 /* LTKConstants.swift */,
			);
			path = Constants;
			sourceTree = "<group>";
		};
		6A6ACA872944D5CD00062D17 /* TabBarViewControllers */ = {
			isa = PBXGroup;
			children = (
				6A6ACA7B2943031100062D17 /* LTKHomePageFlow */,
				6A6ACA7E29438D7C00062D17 /* LTKBlankViewController.swift */,
				6A6ACA892944D60900062D17 /* LTKMenuViewController.swift */,
			);
			path = TabBarViewControllers;
			sourceTree = "<group>";
		};
		6A7496E62946E92500B237C1 /* Responses */ = {
			isa = PBXGroup;
			children = (
				6A6ACA632941244700062D17 /* LTKFeedResponse.swift */,
			);
			path = Responses;
			sourceTree = "<group>";
		};
		6A7496E72946E92900B237C1 /* Requests */ = {
			isa = PBXGroup;
			children = (
				6A7496E82946E95300B237C1 /* LTKFeedRequest.swift */,
			);
			path = Requests;
			sourceTree = "<group>";
		};
/* End PBXGroup section */

/* Begin PBXNativeTarget section */
		6A6ACA48294120C700062D17 /* LTKMediaFeedAssessment */ = {
			isa = PBXNativeTarget;
			buildConfigurationList = 6A6ACA5D294120C800062D17 /* Build configuration list for PBXNativeTarget "LTKMediaFeedAssessment" */;
			buildPhases = (
				6A6ACA45294120C700062D17 /* Sources */,
				6A6ACA46294120C700062D17 /* Frameworks */,
				6A6ACA47294120C700062D17 /* Resources */,
			);
			buildRules = (
			);
			dependencies = (
			);
			name = LTKMediaFeedAssessment;
			productName = LTKMediaFeedAssessment;
			productReference = 6A6ACA49294120C700062D17 /* LTKMediaFeedAssessment.app */;
			productType = "com.apple.product-type.application";
		};
/* End PBXNativeTarget section */

/* Begin PBXProject section */
		6A6ACA41294120C700062D17 /* Project object */ = {
			isa = PBXProject;
			attributes = {
				BuildIndependentTargetsInParallel = 1;
				LastSwiftUpdateCheck = 1340;
				LastUpgradeCheck = 1340;
				TargetAttributes = {
					6A6ACA48294120C700062D17 = {
						CreatedOnToolsVersion = 13.4.1;
					};
				};
			};
			buildConfigurationList = 6A6ACA44294120C700062D17 /* Build configuration list for PBXProject "LTKMediaFeedAssessment" */;
			compatibilityVersion = "Xcode 13.0";
			developmentRegion = en;
			hasScannedForEncodings = 0;
			knownRegions = (
				en,
				Base,
				fr,
				"fr-CA",
				de,
			);
			mainGroup = 6A6ACA40294120C700062D17;
			productRefGroup = 6A6ACA4A294120C700062D17 /* Products */;
			projectDirPath = "";
			projectRoot = "";
			targets = (
				6A6ACA48294120C700062D17 /* LTKMediaFeedAssessment */,
			);
		};
/* End PBXProject section */

/* Begin PBXResourcesBuildPhase section */
		6A6ACA47294120C700062D17 /* Resources */ = {
			isa = PBXResourcesBuildPhase;
			buildActionMask = 2147483647;
			files = (
				6A6ACA59294120C800062D17 /* LaunchScreen.storyboard in Resources */,
				6A5EC9AE2945738F00A54A3C /* Localizable.strings in Resources */,
				6A6ACA56294120C800062D17 /* Assets.xcassets in Resources */,
				6A6ACA54294120C700062D17 /* Main.storyboard in Resources */,
			);
			runOnlyForDeploymentPostprocessing = 0;
		};
/* End PBXResourcesBuildPhase section */

/* Begin PBXSourcesBuildPhase section */
		6A6ACA45294120C700062D17 /* Sources */ = {
			isa = PBXSourcesBuildPhase;
			buildActionMask = 2147483647;
			files = (
				6A6ACA6929412A6800062D17 /* LTKNetworkUtilities.swift in Sources */,
				6A6ACA51294120C700062D17 /* LTKLaunchViewController.swift in Sources */,
				6A6ACA6B29413BAB00062D17 /* LTKKit.swift in Sources */,
				6A6ACA6D29413BC600062D17 /* LTKBaseViewController.swift in Sources */,
				6A6ACA72294155A600062D17 /* LTKHomeFeedCell.swift in Sources */,
				6A6ACA8A2944D60900062D17 /* LTKMenuViewController.swift in Sources */,
				6A6ACA7D294317A400062D17 /* LTKCVItem.swift in Sources */,
				6A6ACA852944B54A00062D17 /* LTKUIUtilities.swift in Sources */,
				6A6ACA832944AA5F00062D17 /* LTKConstraintHelper.swift in Sources */,
				6A6ACA642941244700062D17 /* LTKFeedResponse.swift in Sources */,
				6A6ACA4D294120C700062D17 /* AppDelegate.swift in Sources */,
				6A7496E92946E95300B237C1 /* LTKFeedRequest.swift in Sources */,
				6A6ACA762941821B00062D17 /* LTKDetailViewController.swift in Sources */,
				6A6ACA782941F04F00062D17 /* LTKWebView.swift in Sources */,
				6A6ACA4F294120C700062D17 /* SceneDelegate.swift in Sources */,
				6A6ACA67294127FE00062D17 /* LTKConstants.swift in Sources */,
				6A6ACA7F29438D7C00062D17 /* LTKBlankViewController.swift in Sources */,
			);
			runOnlyForDeploymentPostprocessing = 0;
		};
/* End PBXSourcesBuildPhase section */

/* Begin PBXVariantGroup section */
		6A5EC9B02945738F00A54A3C /* Localizable.strings */ = {
			isa = PBXVariantGroup;
			children = (
				6A5EC9AF2945738F00A54A3C /* en */,
				6A1BFB72294574DE00317F49 /* fr */,
				6A1BFB73294574E800317F49 /* fr-CA */,
				6A1BFB74294574F200317F49 /* de */,
			);
			name = Localizable.strings;
			sourceTree = "<group>";
		};
		6A6ACA52294120C700062D17 /* Main.storyboard */ = {
			isa = PBXVariantGroup;
			children = (
				6A6ACA53294120C700062D17 /* Base */,
			);
			name = Main.storyboard;
			sourceTree = "<group>";
		};
		6A6ACA57294120C800062D17 /* LaunchScreen.storyboard */ = {
			isa = PBXVariantGroup;
			children = (
				6A6ACA58294120C800062D17 /* Base */,
			);
			name = LaunchScreen.storyboard;
			sourceTree = "<group>";
		};
/* End PBXVariantGroup section */

/* Begin XCBuildConfiguration section */
		6A6ACA5B294120C800062D17 /* Debug */ = {
			isa = XCBuildConfiguration;
			buildSettings = {
				ALWAYS_SEARCH_USER_PATHS = NO;
				CLANG_ANALYZER_LOCALIZABILITY_NONLOCALIZED = YES;
				CLANG_ANALYZER_NONNULL = YES;
				CLANG_ANALYZER_NUMBER_OBJECT_CONVERSION = YES_AGGRESSIVE;
				CLANG_CXX_LANGUAGE_STANDARD = "gnu++17";
				CLANG_ENABLE_MODULES = YES;
				CLANG_ENABLE_OBJC_ARC = YES;
				CLANG_ENABLE_OBJC_WEAK = YES;
				CLANG_WARN_BLOCK_CAPTURE_AUTORELEASING = YES;
				CLANG_WARN_BOOL_CONVERSION = YES;
				CLANG_WARN_COMMA = YES;
				CLANG_WARN_CONSTANT_CONVERSION = YES;
				CLANG_WARN_DEPRECATED_OBJC_IMPLEMENTATIONS = YES;
				CLANG_WARN_DIRECT_OBJC_ISA_USAGE = YES_ERROR;
				CLANG_WARN_DOCUMENTATION_COMMENTS = YES;
				CLANG_WARN_EMPTY_BODY = YES;
				CLANG_WARN_ENUM_CONVERSION = YES;
				CLANG_WARN_INFINITE_RECURSION = YES;
				CLANG_WARN_INT_CONVERSION = YES;
				CLANG_WARN_NON_LITERAL_NULL_CONVERSION = YES;
				CLANG_WARN_OBJC_IMPLICIT_RETAIN_SELF = YES;
				CLANG_WARN_OBJC_LITERAL_CONVERSION = YES;
				CLANG_WARN_OBJC_ROOT_CLASS = YES_ERROR;
				CLANG_WARN_QUOTED_INCLUDE_IN_FRAMEWORK_HEADER = YES;
				CLANG_WARN_RANGE_LOOP_ANALYSIS = YES;
				CLANG_WARN_STRICT_PROTOTYPES = YES;
				CLANG_WARN_SUSPICIOUS_MOVE = YES;
				CLANG_WARN_UNGUARDED_AVAILABILITY = YES_AGGRESSIVE;
				CLANG_WARN_UNREACHABLE_CODE = YES;
				CLANG_WARN__DUPLICATE_METHOD_MATCH = YES;
				COPY_PHASE_STRIP = NO;
				DEBUG_INFORMATION_FORMAT = dwarf;
				ENABLE_STRICT_OBJC_MSGSEND = YES;
				ENABLE_TESTABILITY = YES;
				GCC_C_LANGUAGE_STANDARD = gnu11;
				GCC_DYNAMIC_NO_PIC = NO;
				GCC_NO_COMMON_BLOCKS = YES;
				GCC_OPTIMIZATION_LEVEL = 0;
				GCC_PREPROCESSOR_DEFINITIONS = (
					"DEBUG=1",
					"$(inherited)",
				);
				GCC_WARN_64_TO_32_BIT_CONVERSION = YES;
				GCC_WARN_ABOUT_RETURN_TYPE = YES_ERROR;
				GCC_WARN_UNDECLARED_SELECTOR = YES;
				GCC_WARN_UNINITIALIZED_AUTOS = YES_AGGRESSIVE;
				GCC_WARN_UNUSED_FUNCTION = YES;
				GCC_WARN_UNUSED_VARIABLE = YES;
				INFOPLIST_FILE = "";
				IPHONEOS_DEPLOYMENT_TARGET = 15.0;
				MTL_ENABLE_DEBUG_INFO = INCLUDE_SOURCE;
				MTL_FAST_MATH = YES;
				ONLY_ACTIVE_ARCH = YES;
				SDKROOT = iphoneos;
				SWIFT_ACTIVE_COMPILATION_CONDITIONS = DEBUG;
				SWIFT_OPTIMIZATION_LEVEL = "-Onone";
			};
			name = Debug;
		};
		6A6ACA5C294120C800062D17 /* Release */ = {
			isa = XCBuildConfiguration;
			buildSettings = {
				ALWAYS_SEARCH_USER_PATHS = NO;
				CLANG_ANALYZER_LOCALIZABILITY_NONLOCALIZED = YES;
				CLANG_ANALYZER_NONNULL = YES;
				CLANG_ANALYZER_NUMBER_OBJECT_CONVERSION = YES_AGGRESSIVE;
				CLANG_CXX_LANGUAGE_STANDARD = "gnu++17";
				CLANG_ENABLE_MODULES = YES;
				CLANG_ENABLE_OBJC_ARC = YES;
				CLANG_ENABLE_OBJC_WEAK = YES;
				CLANG_WARN_BLOCK_CAPTURE_AUTORELEASING = YES;
				CLANG_WARN_BOOL_CONVERSION = YES;
				CLANG_WARN_COMMA = YES;
				CLANG_WARN_CONSTANT_CONVERSION = YES;
				CLANG_WARN_DEPRECATED_OBJC_IMPLEMENTATIONS = YES;
				CLANG_WARN_DIRECT_OBJC_ISA_USAGE = YES_ERROR;
				CLANG_WARN_DOCUMENTATION_COMMENTS = YES;
				CLANG_WARN_EMPTY_BODY = YES;
				CLANG_WARN_ENUM_CONVERSION = YES;
				CLANG_WARN_INFINITE_RECURSION = YES;
				CLANG_WARN_INT_CONVERSION = YES;
				CLANG_WARN_NON_LITERAL_NULL_CONVERSION = YES;
				CLANG_WARN_OBJC_IMPLICIT_RETAIN_SELF = YES;
				CLANG_WARN_OBJC_LITERAL_CONVERSION = YES;
				CLANG_WARN_OBJC_ROOT_CLASS = YES_ERROR;
				CLANG_WARN_QUOTED_INCLUDE_IN_FRAMEWORK_HEADER = YES;
				CLANG_WARN_RANGE_LOOP_ANALYSIS = YES;
				CLANG_WARN_STRICT_PROTOTYPES = YES;
				CLANG_WARN_SUSPICIOUS_MOVE = YES;
				CLANG_WARN_UNGUARDED_AVAILABILITY = YES_AGGRESSIVE;
				CLANG_WARN_UNREACHABLE_CODE = YES;
				CLANG_WARN__DUPLICATE_METHOD_MATCH = YES;
				COPY_PHASE_STRIP = NO;
				DEBUG_INFORMATION_FORMAT = "dwarf-with-dsym";
				ENABLE_NS_ASSERTIONS = NO;
				ENABLE_STRICT_OBJC_MSGSEND = YES;
				GCC_C_LANGUAGE_STANDARD = gnu11;
				GCC_NO_COMMON_BLOCKS = YES;
				GCC_WARN_64_TO_32_BIT_CONVERSION = YES;
				GCC_WARN_ABOUT_RETURN_TYPE = YES_ERROR;
				GCC_WARN_UNDECLARED_SELECTOR = YES;
				GCC_WARN_UNINITIALIZED_AUTOS = YES_AGGRESSIVE;
				GCC_WARN_UNUSED_FUNCTION = YES;
				GCC_WARN_UNUSED_VARIABLE = YES;
				INFOPLIST_FILE = "";
				IPHONEOS_DEPLOYMENT_TARGET = 15.0;
				MTL_ENABLE_DEBUG_INFO = NO;
				MTL_FAST_MATH = YES;
				SDKROOT = iphoneos;
				SWIFT_COMPILATION_MODE = wholemodule;
				SWIFT_OPTIMIZATION_LEVEL = "-O";
				VALIDATE_PRODUCT = YES;
			};
			name = Release;
		};
		6A6ACA5E294120C800062D17 /* Debug */ = {
			isa = XCBuildConfiguration;
			buildSettings = {
				ASSETCATALOG_COMPILER_APPICON_NAME = AppIcon;
				ASSETCATALOG_COMPILER_GLOBAL_ACCENT_COLOR_NAME = AccentColor;
				CODE_SIGN_STYLE = Automatic;
				CURRENT_PROJECT_VERSION = 1;
				DEVELOPMENT_TEAM = 8FU76QFKU2;
				GENERATE_INFOPLIST_FILE = YES;
				INFOPLIST_FILE = "LTKMediaFeedAssessment/Supporting Files/BoilerPlate Files/Info.plist";
				INFOPLIST_KEY_CFBundleDisplayName = LTKMediaFeedAssessment;
				INFOPLIST_KEY_UIApplicationSupportsIndirectInputEvents = YES;
				INFOPLIST_KEY_UILaunchStoryboardName = LaunchScreen;
				INFOPLIST_KEY_UIMainStoryboardFile = Main;
				INFOPLIST_KEY_UISupportedInterfaceOrientations_iPad = "UIInterfaceOrientationPortrait UIInterfaceOrientationPortraitUpsideDown UIInterfaceOrientationLandscapeLeft UIInterfaceOrientationLandscapeRight";
				INFOPLIST_KEY_UISupportedInterfaceOrientations_iPhone = "UIInterfaceOrientationPortrait UIInterfaceOrientationLandscapeLeft UIInterfaceOrientationLandscapeRight";
				LD_RUNPATH_SEARCH_PATHS = (
					"$(inherited)",
					"@executable_path/Frameworks",
				);
				MARKETING_VERSION = 1.0;
				PRODUCT_BUNDLE_IDENTIFIER = com.IsaacsProjectApps.com.LTKMediaFeedAssessment;
				PRODUCT_NAME = "$(TARGET_NAME)";
				SWIFT_EMIT_LOC_STRINGS = YES;
				SWIFT_VERSION = 5.0;
				TARGETED_DEVICE_FAMILY = "1,2";
			};
			name = Debug;
		};
		6A6ACA5F294120C800062D17 /* Release */ = {
			isa = XCBuildConfiguration;
			buildSettings = {
				ASSETCATALOG_COMPILER_APPICON_NAME = AppIcon;
				ASSETCATALOG_COMPILER_GLOBAL_ACCENT_COLOR_NAME = AccentColor;
				CODE_SIGN_STYLE = Automatic;
				CURRENT_PROJECT_VERSION = 1;
				DEVELOPMENT_TEAM = 8FU76QFKU2;
				GENERATE_INFOPLIST_FILE = YES;
				INFOPLIST_FILE = "LTKMediaFeedAssessment/Supporting Files/BoilerPlate Files/Info.plist";
				INFOPLIST_KEY_CFBundleDisplayName = LTKMediaFeedAssessment;
				INFOPLIST_KEY_UIApplicationSupportsIndirectInputEvents = YES;
				INFOPLIST_KEY_UILaunchStoryboardName = LaunchScreen;
				INFOPLIST_KEY_UIMainStoryboardFile = Main;
				INFOPLIST_KEY_UISupportedInterfaceOrientations_iPad = "UIInterfaceOrientationPortrait UIInterfaceOrientationPortraitUpsideDown UIInterfaceOrientationLandscapeLeft UIInterfaceOrientationLandscapeRight";
				INFOPLIST_KEY_UISupportedInterfaceOrientations_iPhone = "UIInterfaceOrientationPortrait UIInterfaceOrientationLandscapeLeft UIInterfaceOrientationLandscapeRight";
				LD_RUNPATH_SEARCH_PATHS = (
					"$(inherited)",
					"@executable_path/Frameworks",
				);
				MARKETING_VERSION = 1.0;
				PRODUCT_BUNDLE_IDENTIFIER = com.IsaacsProjectApps.com.LTKMediaFeedAssessment;
				PRODUCT_NAME = "$(TARGET_NAME)";
				SWIFT_EMIT_LOC_STRINGS = YES;
				SWIFT_VERSION = 5.0;
				TARGETED_DEVICE_FAMILY = "1,2";
			};
			name = Release;
		};
/* End XCBuildConfiguration section */

/* Begin XCConfigurationList section */
		6A6ACA44294120C700062D17 /* Build configuration list for PBXProject "LTKMediaFeedAssessment" */ = {
			isa = XCConfigurationList;
			buildConfigurations = (
				6A6ACA5B294120C800062D17 /* Debug */,
				6A6ACA5C294120C800062D17 /* Release */,
			);
			defaultConfigurationIsVisible = 0;
			defaultConfigurationName = Release;
		};
		6A6ACA5D294120C800062D17 /* Build configuration list for PBXNativeTarget "LTKMediaFeedAssessment" */ = {
			isa = XCConfigurationList;
			buildConfigurations = (
				6A6ACA5E294120C800062D17 /* Debug */,
				6A6ACA5F294120C800062D17 /* Release */,
			);
			defaultConfigurationIsVisible = 0;
			defaultConfigurationName = Release;
		};
/* End XCConfigurationList section */
	};
	rootObject = 6A6ACA41294120C700062D17 /* Project object */;
}
